dependencies:
  espressif/mdns:
    component_hash: 090826401d30f756037f91d91068f470ba8d0ef04fe507d3aa8761305cecd7ca
    source:
      service_url: https://api.components.espressif.com/
      type: service
    version: 1.2.3
  idf:
    component_hash: null
    source:
      type: idf
    version: 5.3.0
manifest_hash: 5f94b78d303dce95c13fd0affc9ac8d8765b961abbbf8fc0f3d4d31337d59483
target: esp32s3
version: 1.0.0
