dependencies:
  espressif/mdns:
    component_hash: d96d277207c4fec77ec290b7a8b0ca4043e10f407df0ff6aa52e54a94f0c54a5
    source:
      service_url: https://api.components.espressif.com/
      type: service
    version: 1.2.4
  idf:
    component_hash: null
    source:
      type: idf
    version: 5.3.0
manifest_hash: f1a572a6b8b65aece61b0a0f76d62584e1a3d1245f1ab9b4ca2e98bd39ba616e
target: esp32s3
version: 1.0.0
