dependencies:
  espressif/mdns:
    component_hash: 9ff9c578fc3a5ea3c68e807233e47f2ce6b2492a92d7a9356ae5c29ab45f0fde
    source:
      service_url: https://api.components.espressif.com/
      type: service
    version: 1.3.0
  idf:
    component_hash: null
    source:
      type: idf
    version: 5.4.0
manifest_hash: f1a572a6b8b65aece61b0a0f76d62584e1a3d1245f1ab9b4ca2e98bd39ba616e
target: esp32s3
version: 1.0.0
